
Microsoft Visual Studio Solution File, Format Version 12.00
# Visual Studio 15
VisualStudioVersion = 15.0.28307.852
MinimumVisualStudioVersion = 10.0.40219.1
Project("{FAE04EC0-301F-11D3-BF4B-00C04F79EFBC}") = "Zooparc_Lib", "Zooparc_Lib\Zooparc_Lib.csproj", "{F65B9133-6415-46D9-9C9C-1AD475CD2E36}"
EndProject
Project("{FAE04EC0-301F-11D3-BF4B-00C04F79EFBC}") = "ZooParc", "ZooParc\ZooParc.csproj", "{28BABEA2-A3E5-4C0C-AA52-BBF878996E76}"
EndProject
Global
	GlobalSection(SolutionConfigurationPlatforms) = preSolution
		Debug|Any CPU = Debug|Any CPU
		Release|Any CPU = Release|Any CPU
	EndGlobalSection
	GlobalSection(ProjectConfigurationPlatforms) = postSolution
		{F65B9133-6415-46D9-9C9C-1AD475CD2E36}.Debug|Any CPU.ActiveCfg = Debug|Any CPU
		{F65B9133-6415-46D9-9C9C-1AD475CD2E36}.Debug|Any CPU.Build.0 = Debug|Any CPU
		{F65B9133-6415-46D9-9C9C-1AD475CD2E36}.Release|Any CPU.ActiveCfg = Release|Any CPU
		{F65B9133-6415-46D9-9C9C-1AD475CD2E36}.Release|Any CPU.Build.0 = Release|Any CPU
		{28BABEA2-A3E5-4C0C-AA52-BBF878996E76}.Debug|Any CPU.ActiveCfg = Debug|Any CPU
		{28BABEA2-A3E5-4C0C-AA52-BBF878996E76}.Debug|Any CPU.Build.0 = Debug|Any CPU
		{28BABEA2-A3E5-4C0C-AA52-BBF878996E76}.Release|Any CPU.ActiveCfg = Release|Any CPU
		{28BABEA2-A3E5-4C0C-AA52-BBF878996E76}.Release|Any CPU.Build.0 = Release|Any CPU
	EndGlobalSection
	GlobalSection(SolutionProperties) = preSolution
		HideSolutionNode = FALSE
	EndGlobalSection
	GlobalSection(ExtensibilityGlobals) = postSolution
		SolutionGuid = {CB5D8402-D413-4202-9906-F24DF5A07A09}
	EndGlobalSection
EndGlobal
